
Microsoft Visual Studio Solution File, Format Version 12.00
# Visual Studio 2012
Project("{2150E333-8FDC-42A3-9474-1A3956D46DE8}") = "Tools", "Tools", "{0D4C9A62-2325-450E-B55A-96D945C7C742}"
EndProject
Project("{FAE04EC0-301F-11D3-BF4B-00C04F79EFBC}") = "Test", "Tools\Test\Test.csproj", "{1EC58884-222D-4100-9D00-E971C4FB752A}"
	ProjectSection(ProjectDependencies) = postProject
		{5934F389-F519-4B17-AC51-8575A202D165} = {5934F389-F519-4B17-AC51-8575A202D165}
	EndProjectSection
EndProject
Project("{FAE04EC0-301F-11D3-BF4B-00C04F79EFBC}") = "Core", "Core\Core.csproj", "{B0E755F5-BE17-4756-8B14-43EEA8698C5D}"
EndProject
Project("{2150E333-8FDC-42A3-9474-1A3956D46DE8}") = "Config", "Config", "{D5248930-B854-46DE-B5DF-724F86CAD3C2}"
	ProjectSection(SolutionItems) = preProject
		SkyFloe.ico = SkyFloe.ico
		SkyFloe.png = SkyFloe.png
		Version.cs = Version.cs
	EndProjectSection
EndProject
Project("{FAE04EC0-301F-11D3-BF4B-00C04F79EFBC}") = "Sqlite", "DB\Sqlite\Sqlite.csproj", "{DE3AB975-4449-441B-A763-64C356BE2B70}"
EndProject
Project("{2150E333-8FDC-42A3-9474-1A3956D46DE8}") = "Stores", "Stores", "{8A5DF5A1-48C2-4893-8D86-902EA4F03C73}"
EndProject
Project("{FAE04EC0-301F-11D3-BF4B-00C04F79EFBC}") = "FileStore", "Stores\FileStore\FileStore.csproj", "{6A005674-9556-47A4-AA42-0276D14BACAF}"
EndProject
Project("{2150E333-8FDC-42A3-9474-1A3956D46DE8}") = "Test", "Test", "{1BB0FDA1-E215-4626-831D-1839B1EA8925}"
EndProject
Project("{FAE04EC0-301F-11D3-BF4B-00C04F79EFBC}") = "Core.Test", "Test\Core.Test\Core.Test.csproj", "{67A5F582-3B17-46DB-BDD1-2B6AED2BF4B8}"
EndProject
Project("{FAE04EC0-301F-11D3-BF4B-00C04F79EFBC}") = "AwsStore", "Stores\AwsStore\AwsStore.csproj", "{5934F389-F519-4B17-AC51-8575A202D165}"
EndProject
Project("{FAE04EC0-301F-11D3-BF4B-00C04F79EFBC}") = "Backup", "Tools\Backup\Backup.csproj", "{A3A1B56F-5504-4232-9FC6-BD8965941D94}"
	ProjectSection(ProjectDependencies) = postProject
		{6A005674-9556-47A4-AA42-0276D14BACAF} = {6A005674-9556-47A4-AA42-0276D14BACAF}
		{5934F389-F519-4B17-AC51-8575A202D165} = {5934F389-F519-4B17-AC51-8575A202D165}
	EndProjectSection
EndProject
Project("{2150E333-8FDC-42A3-9474-1A3956D46DE8}") = "DB", "DB", "{5185F558-63E2-4FF9-A2B4-CE0B7894BC9E}"
EndProject
Project("{FAE04EC0-301F-11D3-BF4B-00C04F79EFBC}") = "SkyFloe", "App\SkyFloe.csproj", "{6CF7ABC9-36E8-48E2-966F-028EC7EE6915}"
	ProjectSection(ProjectDependencies) = postProject
		{6A005674-9556-47A4-AA42-0276D14BACAF} = {6A005674-9556-47A4-AA42-0276D14BACAF}
		{5934F389-F519-4B17-AC51-8575A202D165} = {5934F389-F519-4B17-AC51-8575A202D165}
	EndProjectSection
EndProject
Global
	GlobalSection(SolutionConfigurationPlatforms) = preSolution
		Debug|x86 = Debug|x86
		Release|x86 = Release|x86
	EndGlobalSection
	GlobalSection(ProjectConfigurationPlatforms) = postSolution
		{1EC58884-222D-4100-9D00-E971C4FB752A}.Debug|x86.ActiveCfg = Debug|x86
		{1EC58884-222D-4100-9D00-E971C4FB752A}.Debug|x86.Build.0 = Debug|x86
		{1EC58884-222D-4100-9D00-E971C4FB752A}.Release|x86.ActiveCfg = Release|x86
		{1EC58884-222D-4100-9D00-E971C4FB752A}.Release|x86.Build.0 = Release|x86
		{B0E755F5-BE17-4756-8B14-43EEA8698C5D}.Debug|x86.ActiveCfg = Debug|x86
		{B0E755F5-BE17-4756-8B14-43EEA8698C5D}.Debug|x86.Build.0 = Debug|x86
		{B0E755F5-BE17-4756-8B14-43EEA8698C5D}.Release|x86.ActiveCfg = Release|x86
		{B0E755F5-BE17-4756-8B14-43EEA8698C5D}.Release|x86.Build.0 = Release|x86
		{DE3AB975-4449-441B-A763-64C356BE2B70}.Debug|x86.ActiveCfg = Debug|x86
		{DE3AB975-4449-441B-A763-64C356BE2B70}.Debug|x86.Build.0 = Debug|x86
		{DE3AB975-4449-441B-A763-64C356BE2B70}.Release|x86.ActiveCfg = Release|x86
		{DE3AB975-4449-441B-A763-64C356BE2B70}.Release|x86.Build.0 = Release|x86
		{6A005674-9556-47A4-AA42-0276D14BACAF}.Debug|x86.ActiveCfg = Debug|x86
		{6A005674-9556-47A4-AA42-0276D14BACAF}.Debug|x86.Build.0 = Debug|x86
		{6A005674-9556-47A4-AA42-0276D14BACAF}.Release|x86.ActiveCfg = Release|x86
		{6A005674-9556-47A4-AA42-0276D14BACAF}.Release|x86.Build.0 = Release|x86
		{67A5F582-3B17-46DB-BDD1-2B6AED2BF4B8}.Debug|x86.ActiveCfg = Debug|x86
		{67A5F582-3B17-46DB-BDD1-2B6AED2BF4B8}.Debug|x86.Build.0 = Debug|x86
		{67A5F582-3B17-46DB-BDD1-2B6AED2BF4B8}.Release|x86.ActiveCfg = Release|x86
		{67A5F582-3B17-46DB-BDD1-2B6AED2BF4B8}.Release|x86.Build.0 = Release|x86
		{5934F389-F519-4B17-AC51-8575A202D165}.Debug|x86.ActiveCfg = Debug|x86
		{5934F389-F519-4B17-AC51-8575A202D165}.Debug|x86.Build.0 = Debug|x86
		{5934F389-F519-4B17-AC51-8575A202D165}.Release|x86.ActiveCfg = Release|x86
		{5934F389-F519-4B17-AC51-8575A202D165}.Release|x86.Build.0 = Release|x86
		{A3A1B56F-5504-4232-9FC6-BD8965941D94}.Debug|x86.ActiveCfg = Debug|x86
		{A3A1B56F-5504-4232-9FC6-BD8965941D94}.Debug|x86.Build.0 = Debug|x86
		{A3A1B56F-5504-4232-9FC6-BD8965941D94}.Release|x86.ActiveCfg = Release|x86
		{A3A1B56F-5504-4232-9FC6-BD8965941D94}.Release|x86.Build.0 = Release|x86
		{6CF7ABC9-36E8-48E2-966F-028EC7EE6915}.Debug|x86.ActiveCfg = Debug|x86
		{6CF7ABC9-36E8-48E2-966F-028EC7EE6915}.Debug|x86.Build.0 = Debug|x86
		{6CF7ABC9-36E8-48E2-966F-028EC7EE6915}.Release|x86.ActiveCfg = Release|x86
		{6CF7ABC9-36E8-48E2-966F-028EC7EE6915}.Release|x86.Build.0 = Release|x86
	EndGlobalSection
	GlobalSection(SolutionProperties) = preSolution
		HideSolutionNode = FALSE
	EndGlobalSection
	GlobalSection(NestedProjects) = preSolution
		{1EC58884-222D-4100-9D00-E971C4FB752A} = {0D4C9A62-2325-450E-B55A-96D945C7C742}
		{A3A1B56F-5504-4232-9FC6-BD8965941D94} = {0D4C9A62-2325-450E-B55A-96D945C7C742}
		{DE3AB975-4449-441B-A763-64C356BE2B70} = {5185F558-63E2-4FF9-A2B4-CE0B7894BC9E}
		{6A005674-9556-47A4-AA42-0276D14BACAF} = {8A5DF5A1-48C2-4893-8D86-902EA4F03C73}
		{5934F389-F519-4B17-AC51-8575A202D165} = {8A5DF5A1-48C2-4893-8D86-902EA4F03C73}
		{67A5F582-3B17-46DB-BDD1-2B6AED2BF4B8} = {1BB0FDA1-E215-4626-831D-1839B1EA8925}
	EndGlobalSection
EndGlobal
