
Microsoft Visual Studio Solution File, Format Version 12.00
# Visual Studio 2012
Project("{2150E333-8FDC-42A3-9474-1A3956D46DE8}") = "Tools", "Tools", "{0D4C9A62-2325-450E-B55A-96D945C7C742}"
EndProject
Project("{FAE04EC0-301F-11D3-BF4B-00C04F79EFBC}") = "Lab", "Tools\Lab\Lab.csproj", "{1EC58884-222D-4100-9D00-E971C4FB752A}"
	ProjectSection(ProjectDependencies) = postProject
		{5934F389-F519-4B17-AC51-8575A202D165} = {5934F389-F519-4B17-AC51-8575A202D165}
	EndProjectSection
EndProject
Project("{FAE04EC0-301F-11D3-BF4B-00C04F79EFBC}") = "Core", "Core\Core.csproj", "{B0E755F5-BE17-4756-8B14-43EEA8698C5D}"
EndProject
Project("{2150E333-8FDC-42A3-9474-1A3956D46DE8}") = "Config", "Config", "{D5248930-B854-46DE-B5DF-724F86CAD3C2}"
	ProjectSection(SolutionItems) = preProject
		license.txt = license.txt
		SkyFloe.ico = SkyFloe.ico
		SkyFloe.png = SkyFloe.png
		Version.cs = Version.cs
	EndProjectSection
EndProject
Project("{FAE04EC0-301F-11D3-BF4B-00C04F79EFBC}") = "Sqlite", "DB\Sqlite\Sqlite\Sqlite.csproj", "{DE3AB975-4449-441B-A763-64C356BE2B70}"
	ProjectSection(ProjectDependencies) = postProject
		{BD73E57A-2926-48F6-B8E0-0CB847C716F2} = {BD73E57A-2926-48F6-B8E0-0CB847C716F2}
		{3F5CF288-5061-4D77-A708-845A4C1DC0CC} = {3F5CF288-5061-4D77-A708-845A4C1DC0CC}
	EndProjectSection
EndProject
Project("{2150E333-8FDC-42A3-9474-1A3956D46DE8}") = "Stores", "Stores", "{8A5DF5A1-48C2-4893-8D86-902EA4F03C73}"
EndProject
Project("{FAE04EC0-301F-11D3-BF4B-00C04F79EFBC}") = "FileStore", "Stores\FileStore\FileStore.csproj", "{6A005674-9556-47A4-AA42-0276D14BACAF}"
EndProject
Project("{2150E333-8FDC-42A3-9474-1A3956D46DE8}") = "Test", "Test", "{1BB0FDA1-E215-4626-831D-1839B1EA8925}"
EndProject
Project("{FAE04EC0-301F-11D3-BF4B-00C04F79EFBC}") = "Core.Test", "Test\Core.Test\Core.Test.csproj", "{67A5F582-3B17-46DB-BDD1-2B6AED2BF4B8}"
EndProject
Project("{FAE04EC0-301F-11D3-BF4B-00C04F79EFBC}") = "AwsStore", "Stores\AwsStore\AwsStore.csproj", "{5934F389-F519-4B17-AC51-8575A202D165}"
EndProject
Project("{FAE04EC0-301F-11D3-BF4B-00C04F79EFBC}") = "Backup", "Tools\Backup\Backup.csproj", "{A3A1B56F-5504-4232-9FC6-BD8965941D94}"
	ProjectSection(ProjectDependencies) = postProject
		{6A005674-9556-47A4-AA42-0276D14BACAF} = {6A005674-9556-47A4-AA42-0276D14BACAF}
		{5934F389-F519-4B17-AC51-8575A202D165} = {5934F389-F519-4B17-AC51-8575A202D165}
	EndProjectSection
EndProject
Project("{2150E333-8FDC-42A3-9474-1A3956D46DE8}") = "DB", "DB", "{5185F558-63E2-4FF9-A2B4-CE0B7894BC9E}"
EndProject
Project("{FAE04EC0-301F-11D3-BF4B-00C04F79EFBC}") = "Restore", "Tools\Restore\Restore.csproj", "{CF7A9909-6953-486E-B7B5-A9078A5F5DC1}"
	ProjectSection(ProjectDependencies) = postProject
		{6A005674-9556-47A4-AA42-0276D14BACAF} = {6A005674-9556-47A4-AA42-0276D14BACAF}
		{5934F389-F519-4B17-AC51-8575A202D165} = {5934F389-F519-4B17-AC51-8575A202D165}
	EndProjectSection
EndProject
Project("{2150E333-8FDC-42A3-9474-1A3956D46DE8}") = "Package", "Package", "{D6494A4E-D44F-4309-987D-4AE541AAB653}"
EndProject
Project("{FAE04EC0-301F-11D3-BF4B-00C04F79EFBC}") = "Apt", "Package\Apt\Apt.csproj", "{29BE5041-CCAE-4793-A932-EE43965AD47D}"
	ProjectSection(ProjectDependencies) = postProject
		{CF7A9909-6953-486E-B7B5-A9078A5F5DC1} = {CF7A9909-6953-486E-B7B5-A9078A5F5DC1}
		{A3A1B56F-5504-4232-9FC6-BD8965941D94} = {A3A1B56F-5504-4232-9FC6-BD8965941D94}
		{6A005674-9556-47A4-AA42-0276D14BACAF} = {6A005674-9556-47A4-AA42-0276D14BACAF}
		{DE3AB975-4449-441B-A763-64C356BE2B70} = {DE3AB975-4449-441B-A763-64C356BE2B70}
		{BD73E57A-2926-48F6-B8E0-0CB847C716F2} = {BD73E57A-2926-48F6-B8E0-0CB847C716F2}
		{3F5CF288-5061-4D77-A708-845A4C1DC0CC} = {3F5CF288-5061-4D77-A708-845A4C1DC0CC}
		{5934F389-F519-4B17-AC51-8575A202D165} = {5934F389-F519-4B17-AC51-8575A202D165}
		{8EB033BA-6658-4727-969F-D3927F3BD0B0} = {8EB033BA-6658-4727-969F-D3927F3BD0B0}
		{B0E755F5-BE17-4756-8B14-43EEA8698C5D} = {B0E755F5-BE17-4756-8B14-43EEA8698C5D}
	EndProjectSection
EndProject
Project("{8BC9CEB8-8B4A-11D0-8D11-00A0C91BC942}") = "LibSqlite-x64", "DB\Sqlite\LibSqlite-x64\LibSqlite-x64.vcxproj", "{BD73E57A-2926-48F6-B8E0-0CB847C716F2}"
EndProject
Project("{8BC9CEB8-8B4A-11D0-8D11-00A0C91BC942}") = "LibSqlite-x86", "DB\Sqlite\LibSqlite-x86\LibSqlite-x86.vcxproj", "{3F5CF288-5061-4D77-A708-845A4C1DC0CC}"
EndProject
Project("{2150E333-8FDC-42A3-9474-1A3956D46DE8}") = "Sqlite", "Sqlite", "{0D9141C5-CC43-4B20-AA66-5A9BE440A1BA}"
EndProject
Project("{FAE04EC0-301F-11D3-BF4B-00C04F79EFBC}") = "Mono.Data.Sqlite", "DB\Sqlite\Mono.Data.Sqlite\Mono.Data.Sqlite.csproj", "{8EB033BA-6658-4727-969F-D3927F3BD0B0}"
	ProjectSection(ProjectDependencies) = postProject
		{BD73E57A-2926-48F6-B8E0-0CB847C716F2} = {BD73E57A-2926-48F6-B8E0-0CB847C716F2}
		{3F5CF288-5061-4D77-A708-845A4C1DC0CC} = {3F5CF288-5061-4D77-A708-845A4C1DC0CC}
	EndProjectSection
EndProject
Project("{FAE04EC0-301F-11D3-BF4B-00C04F79EFBC}") = "Zip", "Package\Zip\Zip.csproj", "{6498CE89-1179-4701-849B-72440E477264}"
	ProjectSection(ProjectDependencies) = postProject
		{CF7A9909-6953-486E-B7B5-A9078A5F5DC1} = {CF7A9909-6953-486E-B7B5-A9078A5F5DC1}
		{A3A1B56F-5504-4232-9FC6-BD8965941D94} = {A3A1B56F-5504-4232-9FC6-BD8965941D94}
		{6A005674-9556-47A4-AA42-0276D14BACAF} = {6A005674-9556-47A4-AA42-0276D14BACAF}
		{DE3AB975-4449-441B-A763-64C356BE2B70} = {DE3AB975-4449-441B-A763-64C356BE2B70}
		{BD73E57A-2926-48F6-B8E0-0CB847C716F2} = {BD73E57A-2926-48F6-B8E0-0CB847C716F2}
		{3F5CF288-5061-4D77-A708-845A4C1DC0CC} = {3F5CF288-5061-4D77-A708-845A4C1DC0CC}
		{5934F389-F519-4B17-AC51-8575A202D165} = {5934F389-F519-4B17-AC51-8575A202D165}
		{8EB033BA-6658-4727-969F-D3927F3BD0B0} = {8EB033BA-6658-4727-969F-D3927F3BD0B0}
		{B0E755F5-BE17-4756-8B14-43EEA8698C5D} = {B0E755F5-BE17-4756-8B14-43EEA8698C5D}
	EndProjectSection
EndProject
Global
	GlobalSection(SolutionConfigurationPlatforms) = preSolution
		Debug|Any CPU = Debug|Any CPU
		Release|Any CPU = Release|Any CPU
	EndGlobalSection
	GlobalSection(ProjectConfigurationPlatforms) = postSolution
		{1EC58884-222D-4100-9D00-E971C4FB752A}.Debug|Any CPU.ActiveCfg = Debug|Any CPU
		{1EC58884-222D-4100-9D00-E971C4FB752A}.Debug|Any CPU.Build.0 = Debug|Any CPU
		{1EC58884-222D-4100-9D00-E971C4FB752A}.Release|Any CPU.ActiveCfg = Release|Any CPU
		{1EC58884-222D-4100-9D00-E971C4FB752A}.Release|Any CPU.Build.0 = Release|Any CPU
		{B0E755F5-BE17-4756-8B14-43EEA8698C5D}.Debug|Any CPU.ActiveCfg = Debug|Any CPU
		{B0E755F5-BE17-4756-8B14-43EEA8698C5D}.Debug|Any CPU.Build.0 = Debug|Any CPU
		{B0E755F5-BE17-4756-8B14-43EEA8698C5D}.Release|Any CPU.ActiveCfg = Release|Any CPU
		{B0E755F5-BE17-4756-8B14-43EEA8698C5D}.Release|Any CPU.Build.0 = Release|Any CPU
		{DE3AB975-4449-441B-A763-64C356BE2B70}.Debug|Any CPU.ActiveCfg = Debug|Any CPU
		{DE3AB975-4449-441B-A763-64C356BE2B70}.Debug|Any CPU.Build.0 = Debug|Any CPU
		{DE3AB975-4449-441B-A763-64C356BE2B70}.Release|Any CPU.ActiveCfg = Release|Any CPU
		{DE3AB975-4449-441B-A763-64C356BE2B70}.Release|Any CPU.Build.0 = Release|Any CPU
		{6A005674-9556-47A4-AA42-0276D14BACAF}.Debug|Any CPU.ActiveCfg = Debug|Any CPU
		{6A005674-9556-47A4-AA42-0276D14BACAF}.Debug|Any CPU.Build.0 = Debug|Any CPU
		{6A005674-9556-47A4-AA42-0276D14BACAF}.Release|Any CPU.ActiveCfg = Release|Any CPU
		{6A005674-9556-47A4-AA42-0276D14BACAF}.Release|Any CPU.Build.0 = Release|Any CPU
		{67A5F582-3B17-46DB-BDD1-2B6AED2BF4B8}.Debug|Any CPU.ActiveCfg = Debug|Any CPU
		{67A5F582-3B17-46DB-BDD1-2B6AED2BF4B8}.Debug|Any CPU.Build.0 = Debug|Any CPU
		{67A5F582-3B17-46DB-BDD1-2B6AED2BF4B8}.Release|Any CPU.ActiveCfg = Release|Any CPU
		{67A5F582-3B17-46DB-BDD1-2B6AED2BF4B8}.Release|Any CPU.Build.0 = Release|Any CPU
		{5934F389-F519-4B17-AC51-8575A202D165}.Debug|Any CPU.ActiveCfg = Debug|Any CPU
		{5934F389-F519-4B17-AC51-8575A202D165}.Debug|Any CPU.Build.0 = Debug|Any CPU
		{5934F389-F519-4B17-AC51-8575A202D165}.Release|Any CPU.ActiveCfg = Release|Any CPU
		{5934F389-F519-4B17-AC51-8575A202D165}.Release|Any CPU.Build.0 = Release|Any CPU
		{A3A1B56F-5504-4232-9FC6-BD8965941D94}.Debug|Any CPU.ActiveCfg = Debug|Any CPU
		{A3A1B56F-5504-4232-9FC6-BD8965941D94}.Debug|Any CPU.Build.0 = Debug|Any CPU
		{A3A1B56F-5504-4232-9FC6-BD8965941D94}.Release|Any CPU.ActiveCfg = Release|Any CPU
		{A3A1B56F-5504-4232-9FC6-BD8965941D94}.Release|Any CPU.Build.0 = Release|Any CPU
		{CF7A9909-6953-486E-B7B5-A9078A5F5DC1}.Debug|Any CPU.ActiveCfg = Debug|Any CPU
		{CF7A9909-6953-486E-B7B5-A9078A5F5DC1}.Debug|Any CPU.Build.0 = Debug|Any CPU
		{CF7A9909-6953-486E-B7B5-A9078A5F5DC1}.Release|Any CPU.ActiveCfg = Release|Any CPU
		{CF7A9909-6953-486E-B7B5-A9078A5F5DC1}.Release|Any CPU.Build.0 = Release|Any CPU
		{29BE5041-CCAE-4793-A932-EE43965AD47D}.Debug|Any CPU.ActiveCfg = Debug|Any CPU
		{29BE5041-CCAE-4793-A932-EE43965AD47D}.Debug|Any CPU.Build.0 = Debug|Any CPU
		{29BE5041-CCAE-4793-A932-EE43965AD47D}.Release|Any CPU.ActiveCfg = Release|Any CPU
		{29BE5041-CCAE-4793-A932-EE43965AD47D}.Release|Any CPU.Build.0 = Release|Any CPU
		{BD73E57A-2926-48F6-B8E0-0CB847C716F2}.Debug|Any CPU.ActiveCfg = Debug|x64
		{BD73E57A-2926-48F6-B8E0-0CB847C716F2}.Debug|Any CPU.Build.0 = Debug|x64
		{BD73E57A-2926-48F6-B8E0-0CB847C716F2}.Release|Any CPU.ActiveCfg = Release|x64
		{BD73E57A-2926-48F6-B8E0-0CB847C716F2}.Release|Any CPU.Build.0 = Release|x64
		{3F5CF288-5061-4D77-A708-845A4C1DC0CC}.Debug|Any CPU.ActiveCfg = Debug|Win32
		{3F5CF288-5061-4D77-A708-845A4C1DC0CC}.Debug|Any CPU.Build.0 = Debug|Win32
		{3F5CF288-5061-4D77-A708-845A4C1DC0CC}.Release|Any CPU.ActiveCfg = Release|Win32
		{3F5CF288-5061-4D77-A708-845A4C1DC0CC}.Release|Any CPU.Build.0 = Release|Win32
		{8EB033BA-6658-4727-969F-D3927F3BD0B0}.Debug|Any CPU.ActiveCfg = Debug|Any CPU
		{8EB033BA-6658-4727-969F-D3927F3BD0B0}.Debug|Any CPU.Build.0 = Debug|Any CPU
		{8EB033BA-6658-4727-969F-D3927F3BD0B0}.Release|Any CPU.ActiveCfg = Release|Any CPU
		{8EB033BA-6658-4727-969F-D3927F3BD0B0}.Release|Any CPU.Build.0 = Release|Any CPU
		{6498CE89-1179-4701-849B-72440E477264}.Debug|Any CPU.ActiveCfg = Debug|Any CPU
		{6498CE89-1179-4701-849B-72440E477264}.Debug|Any CPU.Build.0 = Debug|Any CPU
		{6498CE89-1179-4701-849B-72440E477264}.Release|Any CPU.ActiveCfg = Release|Any CPU
		{6498CE89-1179-4701-849B-72440E477264}.Release|Any CPU.Build.0 = Release|Any CPU
	EndGlobalSection
	GlobalSection(SolutionProperties) = preSolution
		HideSolutionNode = FALSE
	EndGlobalSection
	GlobalSection(NestedProjects) = preSolution
		{1EC58884-222D-4100-9D00-E971C4FB752A} = {0D4C9A62-2325-450E-B55A-96D945C7C742}
		{A3A1B56F-5504-4232-9FC6-BD8965941D94} = {0D4C9A62-2325-450E-B55A-96D945C7C742}
		{CF7A9909-6953-486E-B7B5-A9078A5F5DC1} = {0D4C9A62-2325-450E-B55A-96D945C7C742}
		{0D9141C5-CC43-4B20-AA66-5A9BE440A1BA} = {5185F558-63E2-4FF9-A2B4-CE0B7894BC9E}
		{6A005674-9556-47A4-AA42-0276D14BACAF} = {8A5DF5A1-48C2-4893-8D86-902EA4F03C73}
		{5934F389-F519-4B17-AC51-8575A202D165} = {8A5DF5A1-48C2-4893-8D86-902EA4F03C73}
		{67A5F582-3B17-46DB-BDD1-2B6AED2BF4B8} = {1BB0FDA1-E215-4626-831D-1839B1EA8925}
		{BD73E57A-2926-48F6-B8E0-0CB847C716F2} = {0D9141C5-CC43-4B20-AA66-5A9BE440A1BA}
		{3F5CF288-5061-4D77-A708-845A4C1DC0CC} = {0D9141C5-CC43-4B20-AA66-5A9BE440A1BA}
		{DE3AB975-4449-441B-A763-64C356BE2B70} = {0D9141C5-CC43-4B20-AA66-5A9BE440A1BA}
		{8EB033BA-6658-4727-969F-D3927F3BD0B0} = {0D9141C5-CC43-4B20-AA66-5A9BE440A1BA}
		{29BE5041-CCAE-4793-A932-EE43965AD47D} = {D6494A4E-D44F-4309-987D-4AE541AAB653}
		{6498CE89-1179-4701-849B-72440E477264} = {D6494A4E-D44F-4309-987D-4AE541AAB653}
	EndGlobalSection
EndGlobal
